// !$*UTF8*$!
{
	archiveVersion = 1;
	classes = {
	};
	objectVersion = 52;
	objects = {

/* Begin PBXBuildFile section */
		ED5B95D6262F1B2300FF31CE /* AppDelegate.swift in Sources */ = {isa = PBXBuildFile; fileRef = ED5B95D5262F1B2300FF31CE /* AppDelegate.swift */; };
		ED5B95D8262F1B2300FF31CE /* ViewController.swift in Sources */ = {isa = PBXBuildFile; fileRef = ED5B95D7262F1B2300FF31CE /* ViewController.swift */; };
		ED5B95DA262F1B2400FF31CE /* Assets.xcassets in Resources */ = {isa = PBXBuildFile; fileRef = ED5B95D9262F1B2400FF31CE /* Assets.xcassets */; };
		ED5B95DD262F1B2400FF31CE /* Main.storyboard in Resources */ = {isa = PBXBuildFile; fileRef = ED5B95DB262F1B2400FF31CE /* Main.storyboard */; };
		ED5B95E9262F1B2400FF31CE /* AudioSwitcherTests.swift in Sources */ = {isa = PBXBuildFile; fileRef = ED5B95E8262F1B2400FF31CE /* AudioSwitcherTests.swift */; };
		ED5B95F4262F1B2400FF31CE /* AudioSwitcherUITests.swift in Sources */ = {isa = PBXBuildFile; fileRef = ED5B95F3262F1B2400FF31CE /* AudioSwitcherUITests.swift */; };
		ED5B9606262F1B6300FF31CE /* SimplyCoreAudio in Frameworks */ = {isa = PBXBuildFile; productRef = ED5B9605262F1B6300FF31CE /* SimplyCoreAudio */; };
		ED5B960B26306C8300FF31CE /* AudioState.swift in Sources */ = {isa = PBXBuildFile; fileRef = ED5B960A26306C8300FF31CE /* AudioState.swift */; };
/* End PBXBuildFile section */

/* Begin PBXContainerItemProxy section */
		ED5B95E5262F1B2400FF31CE /* PBXContainerItemProxy */ = {
			isa = PBXContainerItemProxy;
			containerPortal = ED5B95CA262F1B2300FF31CE /* Project object */;
			proxyType = 1;
			remoteGlobalIDString = ED5B95D1262F1B2300FF31CE;
			remoteInfo = AudioSwitcher;
		};
		ED5B95F0262F1B2400FF31CE /* PBXContainerItemProxy */ = {
			isa = PBXContainerItemProxy;
			containerPortal = ED5B95CA262F1B2300FF31CE /* Project object */;
			proxyType = 1;
			remoteGlobalIDString = ED5B95D1262F1B2300FF31CE;
			remoteInfo = AudioSwitcher;
		};
/* End PBXContainerItemProxy section */

/* Begin PBXFileReference section */
		ED5B95D2262F1B2300FF31CE /* AudioSwitcher.app */ = {isa = PBXFileReference; explicitFileType = wrapper.application; includeInIndex = 0; path = AudioSwitcher.app; sourceTree = BUILT_PRODUCTS_DIR; };
		ED5B95D5262F1B2300FF31CE /* AppDelegate.swift */ = {isa = PBXFileReference; lastKnownFileType = sourcecode.swift; path = AppDelegate.swift; sourceTree = "<group>"; };
		ED5B95D7262F1B2300FF31CE /* ViewController.swift */ = {isa = PBXFileReference; lastKnownFileType = sourcecode.swift; path = ViewController.swift; sourceTree = "<group>"; };
		ED5B95D9262F1B2400FF31CE /* Assets.xcassets */ = {isa = PBXFileReference; lastKnownFileType = folder.assetcatalog; path = Assets.xcassets; sourceTree = "<group>"; };
		ED5B95DC262F1B2400FF31CE /* Base */ = {isa = PBXFileReference; lastKnownFileType = file.storyboard; name = Base; path = Base.lproj/Main.storyboard; sourceTree = "<group>"; };
		ED5B95DE262F1B2400FF31CE /* Info.plist */ = {isa = PBXFileReference; lastKnownFileType = text.plist.xml; path = Info.plist; sourceTree = "<group>"; };
		ED5B95DF262F1B2400FF31CE /* AudioSwitcher.entitlements */ = {isa = PBXFileReference; lastKnownFileType = text.plist.entitlements; path = AudioSwitcher.entitlements; sourceTree = "<group>"; };
		ED5B95E4262F1B2400FF31CE /* AudioSwitcherTests.xctest */ = {isa = PBXFileReference; explicitFileType = wrapper.cfbundle; includeInIndex = 0; path = AudioSwitcherTests.xctest; sourceTree = BUILT_PRODUCTS_DIR; };
		ED5B95E8262F1B2400FF31CE /* AudioSwitcherTests.swift */ = {isa = PBXFileReference; lastKnownFileType = sourcecode.swift; path = AudioSwitcherTests.swift; sourceTree = "<group>"; };
		ED5B95EA262F1B2400FF31CE /* Info.plist */ = {isa = PBXFileReference; lastKnownFileType = text.plist.xml; path = Info.plist; sourceTree = "<group>"; };
		ED5B95EF262F1B2400FF31CE /* AudioSwitcherUITests.xctest */ = {isa = PBXFileReference; explicitFileType = wrapper.cfbundle; includeInIndex = 0; path = AudioSwitcherUITests.xctest; sourceTree = BUILT_PRODUCTS_DIR; };
		ED5B95F3262F1B2400FF31CE /* AudioSwitcherUITests.swift */ = {isa = PBXFileReference; lastKnownFileType = sourcecode.swift; path = AudioSwitcherUITests.swift; sourceTree = "<group>"; };
		ED5B95F5262F1B2400FF31CE /* Info.plist */ = {isa = PBXFileReference; lastKnownFileType = text.plist.xml; path = Info.plist; sourceTree = "<group>"; };
		ED5B960A26306C8300FF31CE /* AudioState.swift */ = {isa = PBXFileReference; lastKnownFileType = sourcecode.swift; path = AudioState.swift; sourceTree = "<group>"; };
/* End PBXFileReference section */

/* Begin PBXFrameworksBuildPhase section */
		ED5B95CF262F1B2300FF31CE /* Frameworks */ = {
			isa = PBXFrameworksBuildPhase;
			buildActionMask = 2147483647;
			files = (
				ED5B9606262F1B6300FF31CE /* SimplyCoreAudio in Frameworks */,
			);
			runOnlyForDeploymentPostprocessing = 0;
		};
		ED5B95E1262F1B2400FF31CE /* Frameworks */ = {
			isa = PBXFrameworksBuildPhase;
			buildActionMask = 2147483647;
			files = (
			);
			runOnlyForDeploymentPostprocessing = 0;
		};
		ED5B95EC262F1B2400FF31CE /* Frameworks */ = {
			isa = PBXFrameworksBuildPhase;
			buildActionMask = 2147483647;
			files = (
			);
			runOnlyForDeploymentPostprocessing = 0;
		};
/* End PBXFrameworksBuildPhase section */

/* Begin PBXGroup section */
		ED5B95C9262F1B2300FF31CE = {
			isa = PBXGroup;
			children = (
				ED5B95D4262F1B2300FF31CE /* AudioSwitcher */,
				ED5B95E7262F1B2400FF31CE /* AudioSwitcherTests */,
				ED5B95F2262F1B2400FF31CE /* AudioSwitcherUITests */,
				ED5B95D3262F1B2300FF31CE /* Products */,
			);
			sourceTree = "<group>";
		};
		ED5B95D3262F1B2300FF31CE /* Products */ = {
			isa = PBXGroup;
			children = (
				ED5B95D2262F1B2300FF31CE /* AudioSwitcher.app */,
				ED5B95E4262F1B2400FF31CE /* AudioSwitcherTests.xctest */,
				ED5B95EF262F1B2400FF31CE /* AudioSwitcherUITests.xctest */,
			);
			name = Products;
			sourceTree = "<group>";
		};
		ED5B95D4262F1B2300FF31CE /* AudioSwitcher */ = {
			isa = PBXGroup;
			children = (
				ED5B95D5262F1B2300FF31CE /* AppDelegate.swift */,
				ED5B95D7262F1B2300FF31CE /* ViewController.swift */,
				ED5B960A26306C8300FF31CE /* AudioState.swift */,
				ED5B95D9262F1B2400FF31CE /* Assets.xcassets */,
				ED5B95DB262F1B2400FF31CE /* Main.storyboard */,
				ED5B95DE262F1B2400FF31CE /* Info.plist */,
				ED5B95DF262F1B2400FF31CE /* AudioSwitcher.entitlements */,
			);
			path = AudioSwitcher;
			sourceTree = "<group>";
		};
		ED5B95E7262F1B2400FF31CE /* AudioSwitcherTests */ = {
			isa = PBXGroup;
			children = (
				ED5B95E8262F1B2400FF31CE /* AudioSwitcherTests.swift */,
				ED5B95EA262F1B2400FF31CE /* Info.plist */,
			);
			path = AudioSwitcherTests;
			sourceTree = "<group>";
		};
		ED5B95F2262F1B2400FF31CE /* AudioSwitcherUITests */ = {
			isa = PBXGroup;
			children = (
				ED5B95F3262F1B2400FF31CE /* AudioSwitcherUITests.swift */,
				ED5B95F5262F1B2400FF31CE /* Info.plist */,
			);
			path = AudioSwitcherUITests;
			sourceTree = "<group>";
		};
/* End PBXGroup section */

/* Begin PBXNativeTarget section */
		ED5B95D1262F1B2300FF31CE /* AudioSwitcher */ = {
			isa = PBXNativeTarget;
			buildConfigurationList = ED5B95F8262F1B2400FF31CE /* Build configuration list for PBXNativeTarget "AudioSwitcher" */;
			buildPhases = (
				ED5B95CE262F1B2300FF31CE /* Sources */,
				ED5B95CF262F1B2300FF31CE /* Frameworks */,
				ED5B95D0262F1B2300FF31CE /* Resources */,
			);
			buildRules = (
			);
			dependencies = (
			);
			name = AudioSwitcher;
			packageProductDependencies = (
				ED5B9605262F1B6300FF31CE /* SimplyCoreAudio */,
			);
			productName = AudioSwitcher;
			productReference = ED5B95D2262F1B2300FF31CE /* AudioSwitcher.app */;
			productType = "com.apple.product-type.application";
		};
		ED5B95E3262F1B2400FF31CE /* AudioSwitcherTests */ = {
			isa = PBXNativeTarget;
			buildConfigurationList = ED5B95FB262F1B2400FF31CE /* Build configuration list for PBXNativeTarget "AudioSwitcherTests" */;
			buildPhases = (
				ED5B95E0262F1B2400FF31CE /* Sources */,
				ED5B95E1262F1B2400FF31CE /* Frameworks */,
				ED5B95E2262F1B2400FF31CE /* Resources */,
			);
			buildRules = (
			);
			dependencies = (
				ED5B95E6262F1B2400FF31CE /* PBXTargetDependency */,
			);
			name = AudioSwitcherTests;
			productName = AudioSwitcherTests;
			productReference = ED5B95E4262F1B2400FF31CE /* AudioSwitcherTests.xctest */;
			productType = "com.apple.product-type.bundle.unit-test";
		};
		ED5B95EE262F1B2400FF31CE /* AudioSwitcherUITests */ = {
			isa = PBXNativeTarget;
			buildConfigurationList = ED5B95FE262F1B2400FF31CE /* Build configuration list for PBXNativeTarget "AudioSwitcherUITests" */;
			buildPhases = (
				ED5B95EB262F1B2400FF31CE /* Sources */,
				ED5B95EC262F1B2400FF31CE /* Frameworks */,
				ED5B95ED262F1B2400FF31CE /* Resources */,
			);
			buildRules = (
			);
			dependencies = (
				ED5B95F1262F1B2400FF31CE /* PBXTargetDependency */,
			);
			name = AudioSwitcherUITests;
			productName = AudioSwitcherUITests;
			productReference = ED5B95EF262F1B2400FF31CE /* AudioSwitcherUITests.xctest */;
			productType = "com.apple.product-type.bundle.ui-testing";
		};
/* End PBXNativeTarget section */

/* Begin PBXProject section */
		ED5B95CA262F1B2300FF31CE /* Project object */ = {
			isa = PBXProject;
			attributes = {
				LastSwiftUpdateCheck = 1240;
				LastUpgradeCheck = 1240;
				TargetAttributes = {
					ED5B95D1262F1B2300FF31CE = {
						CreatedOnToolsVersion = 12.4;
					};
					ED5B95E3262F1B2400FF31CE = {
						CreatedOnToolsVersion = 12.4;
						TestTargetID = ED5B95D1262F1B2300FF31CE;
					};
					ED5B95EE262F1B2400FF31CE = {
						CreatedOnToolsVersion = 12.4;
						TestTargetID = ED5B95D1262F1B2300FF31CE;
					};
				};
			};
			buildConfigurationList = ED5B95CD262F1B2300FF31CE /* Build configuration list for PBXProject "AudioSwitcher" */;
			compatibilityVersion = "Xcode 9.3";
			developmentRegion = en;
			hasScannedForEncodings = 0;
			knownRegions = (
				en,
				Base,
			);
			mainGroup = ED5B95C9262F1B2300FF31CE;
			packageReferences = (
				ED5B9604262F1B6300FF31CE /* XCRemoteSwiftPackageReference "SimplyCoreAudio" */,
			);
			productRefGroup = ED5B95D3262F1B2300FF31CE /* Products */;
			projectDirPath = "";
			projectRoot = "";
			targets = (
				ED5B95D1262F1B2300FF31CE /* AudioSwitcher */,
				ED5B95E3262F1B2400FF31CE /* AudioSwitcherTests */,
				ED5B95EE262F1B2400FF31CE /* AudioSwitcherUITests */,
			);
		};
/* End PBXProject section */

/* Begin PBXResourcesBuildPhase section */
		ED5B95D0262F1B2300FF31CE /* Resources */ = {
			isa = PBXResourcesBuildPhase;
			buildActionMask = 2147483647;
			files = (
				ED5B95DA262F1B2400FF31CE /* Assets.xcassets in Resources */,
				ED5B95DD262F1B2400FF31CE /* Main.storyboard in Resources */,
			);
			runOnlyForDeploymentPostprocessing = 0;
		};
		ED5B95E2262F1B2400FF31CE /* Resources */ = {
			isa = PBXResourcesBuildPhase;
			buildActionMask = 2147483647;
			files = (
			);
			runOnlyForDeploymentPostprocessing = 0;
		};
		ED5B95ED262F1B2400FF31CE /* Resources */ = {
			isa = PBXResourcesBuildPhase;
			buildActionMask = 2147483647;
			files = (
			);
			runOnlyForDeploymentPostprocessing = 0;
		};
/* End PBXResourcesBuildPhase section */

/* Begin PBXSourcesBuildPhase section */
		ED5B95CE262F1B2300FF31CE /* Sources */ = {
			isa = PBXSourcesBuildPhase;
			buildActionMask = 2147483647;
			files = (
				ED5B95D8262F1B2300FF31CE /* ViewController.swift in Sources */,
				ED5B95D6262F1B2300FF31CE /* AppDelegate.swift in Sources */,
				ED5B960B26306C8300FF31CE /* AudioState.swift in Sources */,
			);
			runOnlyForDeploymentPostprocessing = 0;
		};
		ED5B95E0262F1B2400FF31CE /* Sources */ = {
			isa = PBXSourcesBuildPhase;
			buildActionMask = 2147483647;
			files = (
				ED5B95E9262F1B2400FF31CE /* AudioSwitcherTests.swift in Sources */,
			);
			runOnlyForDeploymentPostprocessing = 0;
		};
		ED5B95EB262F1B2400FF31CE /* Sources */ = {
			isa = PBXSourcesBuildPhase;
			buildActionMask = 2147483647;
			files = (
				ED5B95F4262F1B2400FF31CE /* AudioSwitcherUITests.swift in Sources */,
			);
			runOnlyForDeploymentPostprocessing = 0;
		};
/* End PBXSourcesBuildPhase section */

/* Begin PBXTargetDependency section */
		ED5B95E6262F1B2400FF31CE /* PBXTargetDependency */ = {
			isa = PBXTargetDependency;
			target = ED5B95D1262F1B2300FF31CE /* AudioSwitcher */;
			targetProxy = ED5B95E5262F1B2400FF31CE /* PBXContainerItemProxy */;
		};
		ED5B95F1262F1B2400FF31CE /* PBXTargetDependency */ = {
			isa = PBXTargetDependency;
			target = ED5B95D1262F1B2300FF31CE /* AudioSwitcher */;
			targetProxy = ED5B95F0262F1B2400FF31CE /* PBXContainerItemProxy */;
		};
/* End PBXTargetDependency section */

/* Begin PBXVariantGroup section */
		ED5B95DB262F1B2400FF31CE /* Main.storyboard */ = {
			isa = PBXVariantGroup;
			children = (
				ED5B95DC262F1B2400FF31CE /* Base */,
			);
			name = Main.storyboard;
			sourceTree = "<group>";
		};
/* End PBXVariantGroup section */

/* Begin XCBuildConfiguration section */
		ED5B95F6262F1B2400FF31CE /* Debug */ = {
			isa = XCBuildConfiguration;
			buildSettings = {
				ALWAYS_SEARCH_USER_PATHS = NO;
				CLANG_ANALYZER_NONNULL = YES;
				CLANG_ANALYZER_NUMBER_OBJECT_CONVERSION = YES_AGGRESSIVE;
				CLANG_CXX_LANGUAGE_STANDARD = "gnu++14";
				CLANG_CXX_LIBRARY = "libc++";
				CLANG_ENABLE_MODULES = YES;
				CLANG_ENABLE_OBJC_ARC = YES;
				CLANG_ENABLE_OBJC_WEAK = YES;
				CLANG_WARN_BLOCK_CAPTURE_AUTORELEASING = YES;
				CLANG_WARN_BOOL_CONVERSION = YES;
				CLANG_WARN_COMMA = YES;
				CLANG_WARN_CONSTANT_CONVERSION = YES;
				CLANG_WARN_DEPRECATED_OBJC_IMPLEMENTATIONS = YES;
				CLANG_WARN_DIRECT_OBJC_ISA_USAGE = YES_ERROR;
				CLANG_WARN_DOCUMENTATION_COMMENTS = YES;
				CLANG_WARN_EMPTY_BODY = YES;
				CLANG_WARN_ENUM_CONVERSION = YES;
				CLANG_WARN_INFINITE_RECURSION = YES;
				CLANG_WARN_INT_CONVERSION = YES;
				CLANG_WARN_NON_LITERAL_NULL_CONVERSION = YES;
				CLANG_WARN_OBJC_IMPLICIT_RETAIN_SELF = YES;
				CLANG_WARN_OBJC_LITERAL_CONVERSION = YES;
				CLANG_WARN_OBJC_ROOT_CLASS = YES_ERROR;
				CLANG_WARN_QUOTED_INCLUDE_IN_FRAMEWORK_HEADER = YES;
				CLANG_WARN_RANGE_LOOP_ANALYSIS = YES;
				CLANG_WARN_STRICT_PROTOTYPES = YES;
				CLANG_WARN_SUSPICIOUS_MOVE = YES;
				CLANG_WARN_UNGUARDED_AVAILABILITY = YES_AGGRESSIVE;
				CLANG_WARN_UNREACHABLE_CODE = YES;
				CLANG_WARN__DUPLICATE_METHOD_MATCH = YES;
				COPY_PHASE_STRIP = NO;
				DEBUG_INFORMATION_FORMAT = dwarf;
				ENABLE_STRICT_OBJC_MSGSEND = YES;
				ENABLE_TESTABILITY = YES;
				GCC_C_LANGUAGE_STANDARD = gnu11;
				GCC_DYNAMIC_NO_PIC = NO;
				GCC_NO_COMMON_BLOCKS = YES;
				GCC_OPTIMIZATION_LEVEL = 0;
				GCC_PREPROCESSOR_DEFINITIONS = (
					"DEBUG=1",
					"$(inherited)",
				);
				GCC_WARN_64_TO_32_BIT_CONVERSION = YES;
				GCC_WARN_ABOUT_RETURN_TYPE = YES_ERROR;
				GCC_WARN_UNDECLARED_SELECTOR = YES;
				GCC_WARN_UNINITIALIZED_AUTOS = YES_AGGRESSIVE;
				GCC_WARN_UNUSED_FUNCTION = YES;
				GCC_WARN_UNUSED_VARIABLE = YES;
				MACOSX_DEPLOYMENT_TARGET = 11.1;
				MTL_ENABLE_DEBUG_INFO = INCLUDE_SOURCE;
				MTL_FAST_MATH = YES;
				ONLY_ACTIVE_ARCH = YES;
				SDKROOT = macosx;
				SWIFT_ACTIVE_COMPILATION_CONDITIONS = DEBUG;
				SWIFT_OPTIMIZATION_LEVEL = "-Onone";
			};
			name = Debug;
		};
		ED5B95F7262F1B2400FF31CE /* Release */ = {
			isa = XCBuildConfiguration;
			buildSettings = {
				ALWAYS_SEARCH_USER_PATHS = NO;
				CLANG_ANALYZER_NONNULL = YES;
				CLANG_ANALYZER_NUMBER_OBJECT_CONVERSION = YES_AGGRESSIVE;
				CLANG_CXX_LANGUAGE_STANDARD = "gnu++14";
				CLANG_CXX_LIBRARY = "libc++";
				CLANG_ENABLE_MODULES = YES;
				CLANG_ENABLE_OBJC_ARC = YES;
				CLANG_ENABLE_OBJC_WEAK = YES;
				CLANG_WARN_BLOCK_CAPTURE_AUTORELEASING = YES;
				CLANG_WARN_BOOL_CONVERSION = YES;
				CLANG_WARN_COMMA = YES;
				CLANG_WARN_CONSTANT_CONVERSION = YES;
				CLANG_WARN_DEPRECATED_OBJC_IMPLEMENTATIONS = YES;
				CLANG_WARN_DIRECT_OBJC_ISA_USAGE = YES_ERROR;
				CLANG_WARN_DOCUMENTATION_COMMENTS = YES;
				CLANG_WARN_EMPTY_BODY = YES;
				CLANG_WARN_ENUM_CONVERSION = YES;
				CLANG_WARN_INFINITE_RECURSION = YES;
				CLANG_WARN_INT_CONVERSION = YES;
				CLANG_WARN_NON_LITERAL_NULL_CONVERSION = YES;
				CLANG_WARN_OBJC_IMPLICIT_RETAIN_SELF = YES;
				CLANG_WARN_OBJC_LITERAL_CONVERSION = YES;
				CLANG_WARN_OBJC_ROOT_CLASS = YES_ERROR;
				CLANG_WARN_QUOTED_INCLUDE_IN_FRAMEWORK_HEADER = YES;
				CLANG_WARN_RANGE_LOOP_ANALYSIS = YES;
				CLANG_WARN_STRICT_PROTOTYPES = YES;
				CLANG_WARN_SUSPICIOUS_MOVE = YES;
				CLANG_WARN_UNGUARDED_AVAILABILITY = YES_AGGRESSIVE;
				CLANG_WARN_UNREACHABLE_CODE = YES;
				CLANG_WARN__DUPLICATE_METHOD_MATCH = YES;
				COPY_PHASE_STRIP = NO;
				DEBUG_INFORMATION_FORMAT = "dwarf-with-dsym";
				ENABLE_NS_ASSERTIONS = NO;
				ENABLE_STRICT_OBJC_MSGSEND = YES;
				GCC_C_LANGUAGE_STANDARD = gnu11;
				GCC_NO_COMMON_BLOCKS = YES;
				GCC_WARN_64_TO_32_BIT_CONVERSION = YES;
				GCC_WARN_ABOUT_RETURN_TYPE = YES_ERROR;
				GCC_WARN_UNDECLARED_SELECTOR = YES;
				GCC_WARN_UNINITIALIZED_AUTOS = YES_AGGRESSIVE;
				GCC_WARN_UNUSED_FUNCTION = YES;
				GCC_WARN_UNUSED_VARIABLE = YES;
				MACOSX_DEPLOYMENT_TARGET = 11.1;
				MTL_ENABLE_DEBUG_INFO = NO;
				MTL_FAST_MATH = YES;
				SDKROOT = macosx;
				SWIFT_COMPILATION_MODE = wholemodule;
				SWIFT_OPTIMIZATION_LEVEL = "-O";
			};
			name = Release;
		};
		ED5B95F9262F1B2400FF31CE /* Debug */ = {
			isa = XCBuildConfiguration;
			buildSettings = {
				ASSETCATALOG_COMPILER_APPICON_NAME = AppIcon;
				ASSETCATALOG_COMPILER_GLOBAL_ACCENT_COLOR_NAME = AccentColor;
				CODE_SIGN_ENTITLEMENTS = AudioSwitcher/AudioSwitcher.entitlements;
				CODE_SIGN_STYLE = Automatic;
				COMBINE_HIDPI_IMAGES = YES;
				DEVELOPMENT_TEAM = YR2B55YA56;
				ENABLE_HARDENED_RUNTIME = YES;
				INFOPLIST_FILE = AudioSwitcher/Info.plist;
				LD_RUNPATH_SEARCH_PATHS = (
					"$(inherited)",
					"@executable_path/../Frameworks",
				);
				PRODUCT_BUNDLE_IDENTIFIER = com.donwb.AudioSwitcher;
				PRODUCT_NAME = "$(TARGET_NAME)";
				SWIFT_VERSION = 5.0;
			};
			name = Debug;
		};
		ED5B95FA262F1B2400FF31CE /* Release */ = {
			isa = XCBuildConfiguration;
			buildSettings = {
				ASSETCATALOG_COMPILER_APPICON_NAME = AppIcon;
				ASSETCATALOG_COMPILER_GLOBAL_ACCENT_COLOR_NAME = AccentColor;
				CODE_SIGN_ENTITLEMENTS = AudioSwitcher/AudioSwitcher.entitlements;
				CODE_SIGN_STYLE = Automatic;
				COMBINE_HIDPI_IMAGES = YES;
				DEVELOPMENT_TEAM = YR2B55YA56;
				ENABLE_HARDENED_RUNTIME = YES;
				INFOPLIST_FILE = AudioSwitcher/Info.plist;
				LD_RUNPATH_SEARCH_PATHS = (
					"$(inherited)",
					"@executable_path/../Frameworks",
				);
				PRODUCT_BUNDLE_IDENTIFIER = com.donwb.AudioSwitcher;
				PRODUCT_NAME = "$(TARGET_NAME)";
				SWIFT_VERSION = 5.0;
			};
			name = Release;
		};
		ED5B95FC262F1B2400FF31CE /* Debug */ = {
			isa = XCBuildConfiguration;
			buildSettings = {
				ALWAYS_EMBED_SWIFT_STANDARD_LIBRARIES = YES;
				BUNDLE_LOADER = "$(TEST_HOST)";
				CODE_SIGN_STYLE = Automatic;
				COMBINE_HIDPI_IMAGES = YES;
				DEVELOPMENT_TEAM = YR2B55YA56;
				INFOPLIST_FILE = AudioSwitcherTests/Info.plist;
				LD_RUNPATH_SEARCH_PATHS = (
					"$(inherited)",
					"@executable_path/../Frameworks",
					"@loader_path/../Frameworks",
				);
				MACOSX_DEPLOYMENT_TARGET = 11.1;
				PRODUCT_BUNDLE_IDENTIFIER = com.donwb.AudioSwitcherTests;
				PRODUCT_NAME = "$(TARGET_NAME)";
				SWIFT_VERSION = 5.0;
				TEST_HOST = "$(BUILT_PRODUCTS_DIR)/AudioSwitcher.app/Contents/MacOS/AudioSwitcher";
			};
			name = Debug;
		};
		ED5B95FD262F1B2400FF31CE /* Release */ = {
			isa = XCBuildConfiguration;
			buildSettings = {
				ALWAYS_EMBED_SWIFT_STANDARD_LIBRARIES = YES;
				BUNDLE_LOADER = "$(TEST_HOST)";
				CODE_SIGN_STYLE = Automatic;
				COMBINE_HIDPI_IMAGES = YES;
				DEVELOPMENT_TEAM = YR2B55YA56;
				INFOPLIST_FILE = AudioSwitcherTests/Info.plist;
				LD_RUNPATH_SEARCH_PATHS = (
					"$(inherited)",
					"@executable_path/../Frameworks",
					"@loader_path/../Frameworks",
				);
				MACOSX_DEPLOYMENT_TARGET = 11.1;
				PRODUCT_BUNDLE_IDENTIFIER = com.donwb.AudioSwitcherTests;
				PRODUCT_NAME = "$(TARGET_NAME)";
				SWIFT_VERSION = 5.0;
				TEST_HOST = "$(BUILT_PRODUCTS_DIR)/AudioSwitcher.app/Contents/MacOS/AudioSwitcher";
			};
			name = Release;
		};
		ED5B95FF262F1B2400FF31CE /* Debug */ = {
			isa = XCBuildConfiguration;
			buildSettings = {
				ALWAYS_EMBED_SWIFT_STANDARD_LIBRARIES = YES;
				CODE_SIGN_STYLE = Automatic;
				COMBINE_HIDPI_IMAGES = YES;
				DEVELOPMENT_TEAM = YR2B55YA56;
				INFOPLIST_FILE = AudioSwitcherUITests/Info.plist;
				LD_RUNPATH_SEARCH_PATHS = (
					"$(inherited)",
					"@executable_path/../Frameworks",
					"@loader_path/../Frameworks",
				);
				PRODUCT_BUNDLE_IDENTIFIER = com.donwb.AudioSwitcherUITests;
				PRODUCT_NAME = "$(TARGET_NAME)";
				SWIFT_VERSION = 5.0;
				TEST_TARGET_NAME = AudioSwitcher;
			};
			name = Debug;
		};
		ED5B9600262F1B2400FF31CE /* Release */ = {
			isa = XCBuildConfiguration;
			buildSettings = {
				ALWAYS_EMBED_SWIFT_STANDARD_LIBRARIES = YES;
				CODE_SIGN_STYLE = Automatic;
				COMBINE_HIDPI_IMAGES = YES;
				DEVELOPMENT_TEAM = YR2B55YA56;
				INFOPLIST_FILE = AudioSwitcherUITests/Info.plist;
				LD_RUNPATH_SEARCH_PATHS = (
					"$(inherited)",
					"@executable_path/../Frameworks",
					"@loader_path/../Frameworks",
				);
				PRODUCT_BUNDLE_IDENTIFIER = com.donwb.AudioSwitcherUITests;
				PRODUCT_NAME = "$(TARGET_NAME)";
				SWIFT_VERSION = 5.0;
				TEST_TARGET_NAME = AudioSwitcher;
			};
			name = Release;
		};
/* End XCBuildConfiguration section */

/* Begin XCConfigurationList section */
		ED5B95CD262F1B2300FF31CE /* Build configuration list for PBXProject "AudioSwitcher" */ = {
			isa = XCConfigurationList;
			buildConfigurations = (
				ED5B95F6262F1B2400FF31CE /* Debug */,
				ED5B95F7262F1B2400FF31CE /* Release */,
			);
			defaultConfigurationIsVisible = 0;
			defaultConfigurationName = Release;
		};
		ED5B95F8262F1B2400FF31CE /* Build configuration list for PBXNativeTarget "AudioSwitcher" */ = {
			isa = XCConfigurationList;
			buildConfigurations = (
				ED5B95F9262F1B2400FF31CE /* Debug */,
				ED5B95FA262F1B2400FF31CE /* Release */,
			);
			defaultConfigurationIsVisible = 0;
			defaultConfigurationName = Release;
		};
		ED5B95FB262F1B2400FF31CE /* Build configuration list for PBXNativeTarget "AudioSwitcherTests" */ = {
			isa = XCConfigurationList;
			buildConfigurations = (
				ED5B95FC262F1B2400FF31CE /* Debug */,
				ED5B95FD262F1B2400FF31CE /* Release */,
			);
			defaultConfigurationIsVisible = 0;
			defaultConfigurationName = Release;
		};
		ED5B95FE262F1B2400FF31CE /* Build configuration list for PBXNativeTarget "AudioSwitcherUITests" */ = {
			isa = XCConfigurationList;
			buildConfigurations = (
				ED5B95FF262F1B2400FF31CE /* Debug */,
				ED5B9600262F1B2400FF31CE /* Release */,
			);
			defaultConfigurationIsVisible = 0;
			defaultConfigurationName = Release;
		};
/* End XCConfigurationList section */

/* Begin XCRemoteSwiftPackageReference section */
		ED5B9604262F1B6300FF31CE /* XCRemoteSwiftPackageReference "SimplyCoreAudio" */ = {
			isa = XCRemoteSwiftPackageReference;
			repositoryURL = "https://github.com/rnine/SimplyCoreAudio.git";
			requirement = {
				kind = upToNextMajorVersion;
				minimumVersion = 4.0.1;
			};
		};
/* End XCRemoteSwiftPackageReference section */

/* Begin XCSwiftPackageProductDependency section */
		ED5B9605262F1B6300FF31CE /* SimplyCoreAudio */ = {
			isa = XCSwiftPackageProductDependency;
			package = ED5B9604262F1B6300FF31CE /* XCRemoteSwiftPackageReference "SimplyCoreAudio" */;
			productName = SimplyCoreAudio;
		};
/* End XCSwiftPackageProductDependency section */
	};
	rootObject = ED5B95CA262F1B2300FF31CE /* Project object */;
}
